
Microsoft Visual Studio Solution File, Format Version 12.00
# Visual Studio Version 17
VisualStudioVersion = 17.9.34728.123
MinimumVisualStudioVersion = 10.0.40219.1
Project("{FAE04EC0-301F-11D3-BF4B-00C04F79EFBC}") = "BulkyWeb", "BulkyWeb\BulkyWeb.csproj", "{D7691EB1-EE73-4E1A-A7D4-4A3FE8A90383}"
EndProject
Global
	GlobalSection(SolutionConfigurationPlatforms) = preSolution
		Debug|Any CPU = Debug|Any CPU
		Release|Any CPU = Release|Any CPU
	EndGlobalSection
	GlobalSection(ProjectConfigurationPlatforms) = postSolution
		{D7691EB1-EE73-4E1A-A7D4-4A3FE8A90383}.Debug|Any CPU.ActiveCfg = Debug|Any CPU
		{D7691EB1-EE73-4E1A-A7D4-4A3FE8A90383}.Debug|Any CPU.Build.0 = Debug|Any CPU
		{D7691EB1-EE73-4E1A-A7D4-4A3FE8A90383}.Release|Any CPU.ActiveCfg = Release|Any CPU
		{D7691EB1-EE73-4E1A-A7D4-4A3FE8A90383}.Release|Any CPU.Build.0 = Release|Any CPU
	EndGlobalSection
	GlobalSection(SolutionProperties) = preSolution
		HideSolutionNode = FALSE
	EndGlobalSection
	GlobalSection(ExtensibilityGlobals) = postSolution
		SolutionGuid = {76F8B60F-C8CD-4A01-80C2-C8AD3E90D4E0}
	EndGlobalSection
EndGlobal
